
Microsoft Visual Studio Solution File, Format Version 12.00
# Visual Studio Version 16
VisualStudioVersion = 16.0.28803.156
MinimumVisualStudioVersion = 10.0.40219.1
Project("{9A19103F-16F7-4668-BE54-9A1E7A4F7556}") = "kin-leaderboard-api", "kin-leaderboard-api\kin-leaderboard-api.csproj", "{8D4402BC-6AB9-47E7-B9B9-BA7EC855DC39}"
EndProject
Project("{9A19103F-16F7-4668-BE54-9A1E7A4F7556}") = "kin-leaderboard-frontend.Shared", "kin-leaderboard-frontend.Shared\kin-leaderboard-frontend.Shared.csproj", "{BC3942EF-69C7-40CF-96BD-0297A3A7E452}"
EndProject
Global
	GlobalSection(SolutionConfigurationPlatforms) = preSolution
		Debug|Any CPU = Debug|Any CPU
		Debug|x64 = Debug|x64
		Release|Any CPU = Release|Any CPU
		Release|x64 = Release|x64
	EndGlobalSection
	GlobalSection(ProjectConfigurationPlatforms) = postSolution
		{8D4402BC-6AB9-47E7-B9B9-BA7EC855DC39}.Debug|Any CPU.ActiveCfg = Debug|Any CPU
		{8D4402BC-6AB9-47E7-B9B9-BA7EC855DC39}.Debug|Any CPU.Build.0 = Debug|Any CPU
		{8D4402BC-6AB9-47E7-B9B9-BA7EC855DC39}.Debug|x64.ActiveCfg = Debug|x64
		{8D4402BC-6AB9-47E7-B9B9-BA7EC855DC39}.Debug|x64.Build.0 = Debug|x64
		{8D4402BC-6AB9-47E7-B9B9-BA7EC855DC39}.Release|Any CPU.ActiveCfg = Release|Any CPU
		{8D4402BC-6AB9-47E7-B9B9-BA7EC855DC39}.Release|Any CPU.Build.0 = Release|Any CPU
		{8D4402BC-6AB9-47E7-B9B9-BA7EC855DC39}.Release|x64.ActiveCfg = Release|x64
		{8D4402BC-6AB9-47E7-B9B9-BA7EC855DC39}.Release|x64.Build.0 = Release|x64
		{BC3942EF-69C7-40CF-96BD-0297A3A7E452}.Debug|Any CPU.ActiveCfg = Debug|Any CPU
		{BC3942EF-69C7-40CF-96BD-0297A3A7E452}.Debug|Any CPU.Build.0 = Debug|Any CPU
		{BC3942EF-69C7-40CF-96BD-0297A3A7E452}.Debug|x64.ActiveCfg = Debug|Any CPU
		{BC3942EF-69C7-40CF-96BD-0297A3A7E452}.Debug|x64.Build.0 = Debug|Any CPU
		{BC3942EF-69C7-40CF-96BD-0297A3A7E452}.Release|Any CPU.ActiveCfg = Release|Any CPU
		{BC3942EF-69C7-40CF-96BD-0297A3A7E452}.Release|Any CPU.Build.0 = Release|Any CPU
		{BC3942EF-69C7-40CF-96BD-0297A3A7E452}.Release|x64.ActiveCfg = Release|Any CPU
		{BC3942EF-69C7-40CF-96BD-0297A3A7E452}.Release|x64.Build.0 = Release|Any CPU
	EndGlobalSection
	GlobalSection(SolutionProperties) = preSolution
		HideSolutionNode = FALSE
	EndGlobalSection
	GlobalSection(ExtensibilityGlobals) = postSolution
		SolutionGuid = {39019C35-87F5-44FC-B582-D73491222D3D}
	EndGlobalSection
EndGlobal
