
Microsoft Visual Studio Solution File, Format Version 12.00
# Visual Studio 15
VisualStudioVersion = 15.0.28307.489
MinimumVisualStudioVersion = 10.0.40219.1
Project("{FAE04EC0-301F-11D3-BF4B-00C04F79EFBC}") = "kin-kre-api", "kin-kre-api\kin-kre-api.csproj", "{8D4402BC-6AB9-47E7-B9B9-BA7EC855DC39}"
EndProject
Global
	GlobalSection(SolutionConfigurationPlatforms) = preSolution
		Debug|Any CPU = Debug|Any CPU
		Release|Any CPU = Release|Any CPU
	EndGlobalSection
	GlobalSection(ProjectConfigurationPlatforms) = postSolution
		{8D4402BC-6AB9-47E7-B9B9-BA7EC855DC39}.Debug|Any CPU.ActiveCfg = Debug|Any CPU
		{8D4402BC-6AB9-47E7-B9B9-BA7EC855DC39}.Debug|Any CPU.Build.0 = Debug|Any CPU
		{8D4402BC-6AB9-47E7-B9B9-BA7EC855DC39}.Release|Any CPU.ActiveCfg = Release|Any CPU
		{8D4402BC-6AB9-47E7-B9B9-BA7EC855DC39}.Release|Any CPU.Build.0 = Release|Any CPU
	EndGlobalSection
	GlobalSection(SolutionProperties) = preSolution
		HideSolutionNode = FALSE
	EndGlobalSection
	GlobalSection(ExtensibilityGlobals) = postSolution
		SolutionGuid = {39019C35-87F5-44FC-B582-D73491222D3D}
	EndGlobalSection
EndGlobal
